
Microsoft Visual Studio Solution File, Format Version 12.00
# Visual Studio Version 17
VisualStudioVersion = 17.1.32407.343
MinimumVisualStudioVersion = 10.0.40219.1
Project("{FAE04EC0-301F-11D3-BF4B-00C04F79EFBC}") = "Exercicio5Prova", "Exercicio5Prova\Exercicio5Prova.csproj", "{A1B97BD0-CF24-46DD-ABE2-7BB6697E2A5A}"
EndProject
Global
	GlobalSection(SolutionConfigurationPlatforms) = preSolution
		Debug|Any CPU = Debug|Any CPU
		Release|Any CPU = Release|Any CPU
	EndGlobalSection
	GlobalSection(ProjectConfigurationPlatforms) = postSolution
		{A1B97BD0-CF24-46DD-ABE2-7BB6697E2A5A}.Debug|Any CPU.ActiveCfg = Debug|Any CPU
		{A1B97BD0-CF24-46DD-ABE2-7BB6697E2A5A}.Debug|Any CPU.Build.0 = Debug|Any CPU
		{A1B97BD0-CF24-46DD-ABE2-7BB6697E2A5A}.Release|Any CPU.ActiveCfg = Release|Any CPU
		{A1B97BD0-CF24-46DD-ABE2-7BB6697E2A5A}.Release|Any CPU.Build.0 = Release|Any CPU
	EndGlobalSection
	GlobalSection(SolutionProperties) = preSolution
		HideSolutionNode = FALSE
	EndGlobalSection
	GlobalSection(ExtensibilityGlobals) = postSolution
		SolutionGuid = {FCAA8807-6A2B-42B7-8379-541E0870C8AF}
	EndGlobalSection
EndGlobal
